
Microsoft Visual Studio Solution File, Format Version 12.00
# Visual Studio Version 17
VisualStudioVersion = 17.6.33723.286
MinimumVisualStudioVersion = 10.0.40219.1
Project("{888888A0-9F3D-457C-B088-3A5042F75D52}") = "15.1", "15.1.pyproj", "{7E151C84-CEA3-48FB-9FDC-76FCB3226CCD}"
EndProject
Global
	GlobalSection(SolutionConfigurationPlatforms) = preSolution
		Debug|Any CPU = Debug|Any CPU
		Release|Any CPU = Release|Any CPU
	EndGlobalSection
	GlobalSection(ProjectConfigurationPlatforms) = postSolution
		{7E151C84-CEA3-48FB-9FDC-76FCB3226CCD}.Debug|Any CPU.ActiveCfg = Debug|Any CPU
		{7E151C84-CEA3-48FB-9FDC-76FCB3226CCD}.Release|Any CPU.ActiveCfg = Release|Any CPU
	EndGlobalSection
	GlobalSection(SolutionProperties) = preSolution
		HideSolutionNode = FALSE
	EndGlobalSection
	GlobalSection(ExtensibilityGlobals) = postSolution
		SolutionGuid = {BB31C51C-891C-493A-A110-2A762F821A8C}
	EndGlobalSection
EndGlobal
